
Microsoft Visual Studio Solution File, Format Version 12.00
# Visual Studio Version 16
VisualStudioVersion = 16.0.32228.343
MinimumVisualStudioVersion = 10.0.40219.1
Project("{FAE04EC0-301F-11D3-BF4B-00C04F79EFBC}") = "Basic-Core-Program", "Basic-Core-Program\Basic-Core-Program.csproj", "{6682F1F5-6CE3-48B8-81AD-B644D515DA23}"
EndProject
Global
	GlobalSection(SolutionConfigurationPlatforms) = preSolution
		Debug|Any CPU = Debug|Any CPU
		Release|Any CPU = Release|Any CPU
	EndGlobalSection
	GlobalSection(ProjectConfigurationPlatforms) = postSolution
		{6682F1F5-6CE3-48B8-81AD-B644D515DA23}.Debug|Any CPU.ActiveCfg = Debug|Any CPU
		{6682F1F5-6CE3-48B8-81AD-B644D515DA23}.Debug|Any CPU.Build.0 = Debug|Any CPU
		{6682F1F5-6CE3-48B8-81AD-B644D515DA23}.Release|Any CPU.ActiveCfg = Release|Any CPU
		{6682F1F5-6CE3-48B8-81AD-B644D515DA23}.Release|Any CPU.Build.0 = Release|Any CPU
	EndGlobalSection
	GlobalSection(SolutionProperties) = preSolution
		HideSolutionNode = FALSE
	EndGlobalSection
	GlobalSection(ExtensibilityGlobals) = postSolution
		SolutionGuid = {87FF9F9C-714E-4ECE-8FFC-0B88471731DA}
	EndGlobalSection
EndGlobal
